
Microsoft Visual Studio Solution File, Format Version 12.00
# Visual Studio Version 16
VisualStudioVersion = 16.0.31911.196
MinimumVisualStudioVersion = 10.0.40219.1
Project("{9A19103F-16F7-4668-BE54-9A1E7A4F7556}") = "SystemeFacturationConsole", "SystemeFacturationConsole\SystemeFacturationConsole.csproj", "{FA6FE81F-A6DB-4990-A413-7766C2C19056}"
EndProject
Project("{9A19103F-16F7-4668-BE54-9A1E7A4F7556}") = "SFMP", "SFMP\SFMP.csproj", "{564713C3-FDD5-418F-862D-A6F64B112A78}"
EndProject
Global
	GlobalSection(SolutionConfigurationPlatforms) = preSolution
		Debug|Any CPU = Debug|Any CPU
		Release|Any CPU = Release|Any CPU
	EndGlobalSection
	GlobalSection(ProjectConfigurationPlatforms) = postSolution
		{FA6FE81F-A6DB-4990-A413-7766C2C19056}.Debug|Any CPU.ActiveCfg = Debug|Any CPU
		{FA6FE81F-A6DB-4990-A413-7766C2C19056}.Debug|Any CPU.Build.0 = Debug|Any CPU
		{FA6FE81F-A6DB-4990-A413-7766C2C19056}.Release|Any CPU.ActiveCfg = Release|Any CPU
		{FA6FE81F-A6DB-4990-A413-7766C2C19056}.Release|Any CPU.Build.0 = Release|Any CPU
		{564713C3-FDD5-418F-862D-A6F64B112A78}.Debug|Any CPU.ActiveCfg = Debug|Any CPU
		{564713C3-FDD5-418F-862D-A6F64B112A78}.Debug|Any CPU.Build.0 = Debug|Any CPU
		{564713C3-FDD5-418F-862D-A6F64B112A78}.Release|Any CPU.ActiveCfg = Release|Any CPU
		{564713C3-FDD5-418F-862D-A6F64B112A78}.Release|Any CPU.Build.0 = Release|Any CPU
	EndGlobalSection
	GlobalSection(SolutionProperties) = preSolution
		HideSolutionNode = FALSE
	EndGlobalSection
	GlobalSection(ExtensibilityGlobals) = postSolution
		SolutionGuid = {91D54137-7B3D-485A-AEE1-FDEA0E300A93}
	EndGlobalSection
EndGlobal
